
Microsoft Visual Studio Solution File, Format Version 12.00
# Visual Studio Version 17
VisualStudioVersion = 17.5.002.0
MinimumVisualStudioVersion = 10.0.40219.1
Project("{9A19103F-16F7-4668-BE54-9A1E7A4F7556}") = "CsharpWhileLoop", "CsharpWhileLoop\CsharpWhileLoop.csproj", "{B803531D-4FC8-41D8-88B9-4FC205C9E007}"
EndProject
Global
	GlobalSection(SolutionConfigurationPlatforms) = preSolution
		Debug|Any CPU = Debug|Any CPU
		Release|Any CPU = Release|Any CPU
	EndGlobalSection
	GlobalSection(ProjectConfigurationPlatforms) = postSolution
		{B803531D-4FC8-41D8-88B9-4FC205C9E007}.Debug|Any CPU.ActiveCfg = Debug|Any CPU
		{B803531D-4FC8-41D8-88B9-4FC205C9E007}.Debug|Any CPU.Build.0 = Debug|Any CPU
		{B803531D-4FC8-41D8-88B9-4FC205C9E007}.Release|Any CPU.ActiveCfg = Release|Any CPU
		{B803531D-4FC8-41D8-88B9-4FC205C9E007}.Release|Any CPU.Build.0 = Release|Any CPU
	EndGlobalSection
	GlobalSection(SolutionProperties) = preSolution
		HideSolutionNode = FALSE
	EndGlobalSection
	GlobalSection(ExtensibilityGlobals) = postSolution
		SolutionGuid = {4A536D75-ADBC-4BD4-950D-C6B85D01FFFC}
	EndGlobalSection
EndGlobal
